{
  "name": "js",
  "version": "1.0.0",
  "lockfileVersion": 2,
  "requires": true,
  "packages": {
    "": {
      "name": "js",
      "version": "1.0.0",
      "license": "ISC",
      "dependencies": {
        "xterm": "^4.14.1"
      }
    },
    "node_modules/xterm": {
      "version": "4.14.1",
      "resolved": "https://registry.npmjs.org/xterm/-/xterm-4.14.1.tgz",
      "integrity": "sha512-jgzNg5BuGPwq5/M4dGnmbghZvHx2jaj+9crSEt15bV34Za49VziBmCu7zIy88zUKKiGTxeo7aVzirFSJArIMFw=="
    }
  },
  "dependencies": {
    "xterm": {
      "version": "4.14.1",
      "resolved": "https://registry.npmjs.org/xterm/-/xterm-4.14.1.tgz",
      "integrity": "sha512-jgzNg5BuGPwq5/M4dGnmbghZvHx2jaj+9crSEt15bV34Za49VziBmCu7zIy88zUKKiGTxeo7aVzirFSJArIMFw=="
    }
  }
}
